
Microsoft Visual Studio Solution File, Format Version 12.00
# Visual Studio Version 17
VisualStudioVersion = 17.1.32421.90
MinimumVisualStudioVersion = 10.0.40219.1
Project("{FAE04EC0-301F-11D3-BF4B-00C04F79EFBC}") = "DeClase5", "DeClase5\DeClase5.csproj", "{FA0C5BA9-BF51-4856-9491-2BBD9A774A34}"
EndProject
Global
	GlobalSection(SolutionConfigurationPlatforms) = preSolution
		Debug|Any CPU = Debug|Any CPU
		Release|Any CPU = Release|Any CPU
	EndGlobalSection
	GlobalSection(ProjectConfigurationPlatforms) = postSolution
		{FA0C5BA9-BF51-4856-9491-2BBD9A774A34}.Debug|Any CPU.ActiveCfg = Debug|Any CPU
		{FA0C5BA9-BF51-4856-9491-2BBD9A774A34}.Debug|Any CPU.Build.0 = Debug|Any CPU
		{FA0C5BA9-BF51-4856-9491-2BBD9A774A34}.Release|Any CPU.ActiveCfg = Release|Any CPU
		{FA0C5BA9-BF51-4856-9491-2BBD9A774A34}.Release|Any CPU.Build.0 = Release|Any CPU
	EndGlobalSection
	GlobalSection(SolutionProperties) = preSolution
		HideSolutionNode = FALSE
	EndGlobalSection
	GlobalSection(ExtensibilityGlobals) = postSolution
		SolutionGuid = {5D8BFCBA-D3C1-4DB7-9FFD-15F5018A6527}
	EndGlobalSection
EndGlobal
